
Microsoft Visual Studio Solution File, Format Version 12.00
# Visual Studio Version 17
VisualStudioVersion = 17.6.33829.357
MinimumVisualStudioVersion = 10.0.40219.1
Project("{FAE04EC0-301F-11D3-BF4B-00C04F79EFBC}") = "Phase3Section2.22", "Phase3Section2.22\Phase3Section2.22.csproj", "{B87DFC32-0891-4D42-AAEC-3F6B0AF53BFB}"
EndProject
Global
	GlobalSection(SolutionConfigurationPlatforms) = preSolution
		Debug|Any CPU = Debug|Any CPU
		Release|Any CPU = Release|Any CPU
	EndGlobalSection
	GlobalSection(ProjectConfigurationPlatforms) = postSolution
		{B87DFC32-0891-4D42-AAEC-3F6B0AF53BFB}.Debug|Any CPU.ActiveCfg = Debug|Any CPU
		{B87DFC32-0891-4D42-AAEC-3F6B0AF53BFB}.Debug|Any CPU.Build.0 = Debug|Any CPU
		{B87DFC32-0891-4D42-AAEC-3F6B0AF53BFB}.Release|Any CPU.ActiveCfg = Release|Any CPU
		{B87DFC32-0891-4D42-AAEC-3F6B0AF53BFB}.Release|Any CPU.Build.0 = Release|Any CPU
	EndGlobalSection
	GlobalSection(SolutionProperties) = preSolution
		HideSolutionNode = FALSE
	EndGlobalSection
	GlobalSection(ExtensibilityGlobals) = postSolution
		SolutionGuid = {938DC7C0-FC85-4DD3-8FAC-2987154C131C}
	EndGlobalSection
EndGlobal
